# This file is autogenerated, do not edit; changes may be undone by the next 'dep ensure'.


[[projects]]
  digest = "1:2ac69200489b4250ddc11cddd0e26a28fdc277d885d97fc61b746c9ca6311632"
  name = "github.com/franela/goblin"
  packages = ["."]
  pruneopts = "UT"
  revision = "74c9fe110d4bfd04c222a089a309e0a97e258534"

[[projects]]
  digest = "1:8399420e4bfd72c54a6bc66aefc84e1fe1277029c5540722399fffb7cd9c3288"
  name = "github.com/gomicro/bogus"
  packages = [
    ".",
    "paths",
  ]
  pruneopts = "UT"
  revision = "dbd2e068cbc3f76ea7ec23f2abf0c5af9c27a162"
  version = "v0.1.1"

[[projects]]
  digest = "1:c5829f5d5d7adec9a62d175e1f8cd18f6ed9f3c6d81a10a369b0be0d8b8777c8"
  name = "github.com/gomicro/penname"
  packages = ["."]
  pruneopts = "UT"
  revision = "6b7aa4333fbadc13015f856ae2e27ca2c0817cad"
  version = "v0.1.0"

[[projects]]
  digest = "1:95732e0c27df672b3fdf5cdd8edd18cba5fc07263ef7cd25eaaad4afc4730313"
  name = "github.com/hashicorp/go-version"
  packages = ["."]
  pruneopts = "UT"
  revision = "59da58cfd357de719a4d16dac30481391a56c002"
  version = "v1.2.1"

[[projects]]
  digest = "1:1128d06a3325ffe250c66e3e2cf8ba83208b4aafd3b6366f388dddc014f643f2"
  name = "github.com/onsi/gomega"
  packages = [
    ".",
    "format",
    "internal/assertion",
    "internal/asyncassertion",
    "internal/oraclematcher",
    "internal/testingtsupport",
    "matchers",
    "matchers/support/goraph/bipartitegraph",
    "matchers/support/goraph/edge",
    "matchers/support/goraph/node",
    "matchers/support/goraph/util",
    "types",
  ]
  pruneopts = "UT"
  revision = "46e0cd22c9d45e5745e994abc67b128504ad7727"
  version = "v1.10.3"

[[projects]]
  branch = "master"
  digest = "1:11fb737f33e98d11d354b212ecf0a5e794863f7d65178603dcec061d32d9be4c"
  name = "golang.org/x/net"
  packages = [
    "html",
    "html/atom",
    "html/charset",
  ]
  pruneopts = "UT"
  revision = "69a78807bb2bb6d1599c68698c6b009505012083"

[[projects]]
  digest = "1:d0ce967403a66635e6b31005cd17ae75c32408a632df63bc4d4e1c20992503f3"
  name = "golang.org/x/text"
  packages = [
    "encoding",
    "encoding/charmap",
    "encoding/htmlindex",
    "encoding/internal",
    "encoding/internal/identifier",
    "encoding/japanese",
    "encoding/korean",
    "encoding/simplifiedchinese",
    "encoding/traditionalchinese",
    "encoding/unicode",
    "internal/gen",
    "internal/language",
    "internal/language/compact",
    "internal/tag",
    "internal/utf8internal",
    "language",
    "runes",
    "transform",
    "unicode/cldr",
  ]
  pruneopts = "UT"
  revision = "22f1617af38ed4cd65b3b96e02bab267e560155c"
  version = "v0.3.4"

[[projects]]
  branch = "master"
  digest = "1:918a46e4a2fb83df33f668f5a6bd51b2996775d073fce1800d3ec01b0a5ddd2b"
  name = "golang.org/x/xerrors"
  packages = [
    ".",
    "internal",
  ]
  pruneopts = "UT"
  revision = "5ec99f83aff198f5fbd629d6c8d8eb38a04218ca"

[[projects]]
  digest = "1:d7f1bd887dc650737a421b872ca883059580e9f8314d601f88025df4f4802dce"
  name = "gopkg.in/yaml.v2"
  packages = ["."]
  pruneopts = "UT"
  revision = "0b1645d91e851e735d3e23330303ce81f70adbe3"
  version = "v2.3.0"

[solve-meta]
  analyzer-name = "dep"
  analyzer-version = 1
  input-imports = [
    "github.com/franela/goblin",
    "github.com/gomicro/bogus",
    "github.com/gomicro/penname",
    "github.com/hashicorp/go-version",
    "github.com/onsi/gomega",
  ]
  solver-name = "gps-cdcl"
  solver-version = 1
