# This file is autogenerated, do not edit; changes may be undone by the next 'dep ensure'.


[[projects]]
  digest = "1:2ac69200489b4250ddc11cddd0e26a28fdc277d885d97fc61b746c9ca6311632"
  name = "github.com/franela/goblin"
  packages = ["."]
  pruneopts = "UT"
  revision = "74c9fe110d4bfd04c222a089a309e0a97e258534"

[[projects]]
  digest = "1:63dc714aa448e33ddad5e226f1cb297dc5be344efcb7b20d4238083586226c1e"
  name = "github.com/gomicro/bogus"
  packages = [
    ".",
    "paths",
  ]
  pruneopts = "UT"
  revision = "615633fee854e1c323e616a0ec3df0f3fdc51e66"

[[projects]]
  digest = "1:c5829f5d5d7adec9a62d175e1f8cd18f6ed9f3c6d81a10a369b0be0d8b8777c8"
  name = "github.com/gomicro/penname"
  packages = ["."]
  pruneopts = "UT"
  revision = "6b7aa4333fbadc13015f856ae2e27ca2c0817cad"
  version = "v0.1.0"

[[projects]]
  digest = "1:95732e0c27df672b3fdf5cdd8edd18cba5fc07263ef7cd25eaaad4afc4730313"
  name = "github.com/hashicorp/go-version"
  packages = ["."]
  pruneopts = "UT"
  revision = "59da58cfd357de719a4d16dac30481391a56c002"
  version = "v1.2.1"

[[projects]]
  digest = "1:038734db8a70cdd73d4215081b22236e2aed3e65ca0727f6afd0ed839630e738"
  name = "github.com/onsi/gomega"
  packages = [
    ".",
    "format",
    "internal/assertion",
    "internal/asyncassertion",
    "internal/oraclematcher",
    "internal/testingtsupport",
    "matchers",
    "matchers/support/goraph/bipartitegraph",
    "matchers/support/goraph/edge",
    "matchers/support/goraph/node",
    "matchers/support/goraph/util",
    "types",
  ]
  pruneopts = "UT"
  revision = "003f63b7f4cff3fc95357005358af2de0f5fe152"
  version = "v1.3.0"

[[projects]]
  digest = "1:c8678feb43230c4aabd02a59d175235875b34741a915261f7eadd0a0a550a384"
  name = "golang.org/x/net"
  packages = [
    "html",
    "html/atom",
    "html/charset",
  ]
  pruneopts = "UT"
  revision = "f4c29de78a2a91c00474a2e689954305c350adf9"

[[projects]]
  digest = "1:0a1c6b785efbffab91d456ba5efec59a122e39666149ab352b527b370ba67411"
  name = "golang.org/x/text"
  packages = [
    "encoding",
    "encoding/charmap",
    "encoding/htmlindex",
    "encoding/internal",
    "encoding/internal/identifier",
    "encoding/japanese",
    "encoding/korean",
    "encoding/simplifiedchinese",
    "encoding/traditionalchinese",
    "encoding/unicode",
    "internal/gen",
    "internal/language",
    "internal/language/compact",
    "internal/tag",
    "internal/utf8internal",
    "language",
    "runes",
    "transform",
    "unicode/cldr",
  ]
  pruneopts = "UT"
  revision = "96e34ec0e18a62a1e59880c7bf617b655efecb66"

[[projects]]
  digest = "1:342378ac4dcb378a5448dd723f0784ae519383532f5e70ade24132c4c8693202"
  name = "gopkg.in/yaml.v2"
  packages = ["."]
  pruneopts = "UT"
  revision = "5420a8b6744d3b0345ab293f6fcba19c978f1183"
  version = "v2.2.1"

[solve-meta]
  analyzer-name = "dep"
  analyzer-version = 1
  input-imports = [
    "github.com/franela/goblin",
    "github.com/gomicro/bogus",
    "github.com/gomicro/penname",
    "github.com/hashicorp/go-version",
    "github.com/onsi/gomega",
  ]
  solver-name = "gps-cdcl"
  solver-version = 1
